
Microsoft Visual Studio Solution File, Format Version 12.00
# Visual Studio Version 17
VisualStudioVersion = 17.11.35327.3
MinimumVisualStudioVersion = 10.0.40219.1
Project("{FAE04EC0-301F-11D3-BF4B-00C04F79EFBC}") = "PGH_Lesson01_MVC", "PGH_Lesson01_MVC\PGH_Lesson01_MVC.csproj", "{82900C45-0155-47DF-9115-7789960E171B}"
EndProject
Global
	GlobalSection(SolutionConfigurationPlatforms) = preSolution
		Debug|Any CPU = Debug|Any CPU
		Release|Any CPU = Release|Any CPU
	EndGlobalSection
	GlobalSection(ProjectConfigurationPlatforms) = postSolution
		{82900C45-0155-47DF-9115-7789960E171B}.Debug|Any CPU.ActiveCfg = Debug|Any CPU
		{82900C45-0155-47DF-9115-7789960E171B}.Debug|Any CPU.Build.0 = Debug|Any CPU
		{82900C45-0155-47DF-9115-7789960E171B}.Release|Any CPU.ActiveCfg = Release|Any CPU
		{82900C45-0155-47DF-9115-7789960E171B}.Release|Any CPU.Build.0 = Release|Any CPU
	EndGlobalSection
	GlobalSection(SolutionProperties) = preSolution
		HideSolutionNode = FALSE
	EndGlobalSection
	GlobalSection(ExtensibilityGlobals) = postSolution
		SolutionGuid = {E4AA1363-171E-475B-9BC6-0F35198A7C14}
	EndGlobalSection
EndGlobal
