
Microsoft Visual Studio Solution File, Format Version 12.00
# Visual Studio Version 17
VisualStudioVersion = 17.11.35327.3
MinimumVisualStudioVersion = 10.0.40219.1
Project("{FAE04EC0-301F-11D3-BF4B-00C04F79EFBC}") = "Example02", "Example02\Example02.csproj", "{422215BC-517F-4139-B6AB-E5887E09EF9D}"
EndProject
Global
	GlobalSection(SolutionConfigurationPlatforms) = preSolution
		Debug|Any CPU = Debug|Any CPU
		Release|Any CPU = Release|Any CPU
	EndGlobalSection
	GlobalSection(ProjectConfigurationPlatforms) = postSolution
		{422215BC-517F-4139-B6AB-E5887E09EF9D}.Debug|Any CPU.ActiveCfg = Debug|Any CPU
		{422215BC-517F-4139-B6AB-E5887E09EF9D}.Debug|Any CPU.Build.0 = Debug|Any CPU
		{422215BC-517F-4139-B6AB-E5887E09EF9D}.Release|Any CPU.ActiveCfg = Release|Any CPU
		{422215BC-517F-4139-B6AB-E5887E09EF9D}.Release|Any CPU.Build.0 = Release|Any CPU
	EndGlobalSection
	GlobalSection(SolutionProperties) = preSolution
		HideSolutionNode = FALSE
	EndGlobalSection
	GlobalSection(ExtensibilityGlobals) = postSolution
		SolutionGuid = {421544AC-C715-41A5-8778-FD6A86CE551E}
	EndGlobalSection
EndGlobal
